
Microsoft Visual Studio Solution File, Format Version 12.00
# Visual Studio 14
VisualStudioVersion = 14.0.25420.1
MinimumVisualStudioVersion = 10.0.40219.1
Project("{FAE04EC0-301F-11D3-BF4B-00C04F79EFBC}") = "Exercise", "Exercise\Exercise.csproj", "{564550E3-8E0D-44F9-B5FE-B7E3C0FAB49E}"
EndProject
Project("{2150E333-8FDC-42A3-9474-1A3956D46DE8}") = "Solution Items", "Solution Items", "{34E2C841-C241-416B-B52E-7675F272943F}"
	ProjectSection(SolutionItems) = preProject
		Exercise\solution\A01.aspx.html = Exercise\solution\A01.aspx.html
		Exercise\solution\A01.aspx_001.html = Exercise\solution\A01.aspx_001.html
		Exercise\solution\A01.aspx_002.html = Exercise\solution\A01.aspx_002.html
		Exercise\solution\A01.aspx_003.html = Exercise\solution\A01.aspx_003.html
		Exercise\solution\A01.aspx_004.html = Exercise\solution\A01.aspx_004.html
		Exercise\solution\A01.aspx_005.html = Exercise\solution\A01.aspx_005.html
		Exercise\solution\A01.aspx_006.html = Exercise\solution\A01.aspx_006.html
		Exercise\solution\A01.aspx_007.html = Exercise\solution\A01.aspx_007.html
		Exercise\solution\A01.aspx_008.html = Exercise\solution\A01.aspx_008.html
		Exercise\solution\A01.aspx_009.html = Exercise\solution\A01.aspx_009.html
		Exercise\solution\A01.aspx_010.html = Exercise\solution\A01.aspx_010.html
		Exercise\solution\A01.aspx_011.html = Exercise\solution\A01.aspx_011.html
		Exercise\solution\A01.aspx_012.html = Exercise\solution\A01.aspx_012.html
		Exercise\solution\A01.aspx_013.html = Exercise\solution\A01.aspx_013.html
		Exercise\solution\A01.aspx_014.html = Exercise\solution\A01.aspx_014.html
		Exercise\solution\A01.aspx_015.html = Exercise\solution\A01.aspx_015.html
		Exercise\solution\A02.aspx.html = Exercise\solution\A02.aspx.html
		Exercise\solution\A02.aspx_001.html = Exercise\solution\A02.aspx_001.html
		Exercise\solution\A02.aspx_002.html = Exercise\solution\A02.aspx_002.html
		Exercise\solution\A02.aspx_003.html = Exercise\solution\A02.aspx_003.html
		Exercise\solution\A02.aspx_004.html = Exercise\solution\A02.aspx_004.html
		Exercise\solution\A02.aspx_005.html = Exercise\solution\A02.aspx_005.html
		Exercise\solution\A02.aspx_006.html = Exercise\solution\A02.aspx_006.html
		Exercise\solution\A02.aspx_007.html = Exercise\solution\A02.aspx_007.html
		Exercise\solution\A02.aspx_008.html = Exercise\solution\A02.aspx_008.html
		Exercise\solution\A02.aspx_009.html = Exercise\solution\A02.aspx_009.html
		Exercise\solution\A02.aspx_010.html = Exercise\solution\A02.aspx_010.html
		Exercise\solution\A02.aspx_011.html = Exercise\solution\A02.aspx_011.html
		Exercise\solution\A02.aspx_012.html = Exercise\solution\A02.aspx_012.html
		Exercise\solution\A02.aspx_013.html = Exercise\solution\A02.aspx_013.html
		Exercise\solution\A02.aspx_014.html = Exercise\solution\A02.aspx_014.html
		Exercise\solution\A02.aspx_015.html = Exercise\solution\A02.aspx_015.html
		Exercise\solution\A03.aspx.html = Exercise\solution\A03.aspx.html
		Exercise\solution\A03.aspx_001.html = Exercise\solution\A03.aspx_001.html
		Exercise\solution\A03.aspx_002.html = Exercise\solution\A03.aspx_002.html
		Exercise\solution\A03.aspx_003.html = Exercise\solution\A03.aspx_003.html
		Exercise\solution\A03.aspx_004.html = Exercise\solution\A03.aspx_004.html
		Exercise\solution\A03.aspx_005.html = Exercise\solution\A03.aspx_005.html
		Exercise\solution\A03.aspx_006.html = Exercise\solution\A03.aspx_006.html
		Exercise\solution\A03.aspx_007.html = Exercise\solution\A03.aspx_007.html
		Exercise\solution\A03.aspx_008.html = Exercise\solution\A03.aspx_008.html
		Exercise\solution\A03.aspx_009.html = Exercise\solution\A03.aspx_009.html
		Exercise\solution\A03.aspx_010.html = Exercise\solution\A03.aspx_010.html
		Exercise\solution\A03.aspx_011.html = Exercise\solution\A03.aspx_011.html
		Exercise\solution\A03.aspx_012.html = Exercise\solution\A03.aspx_012.html
		Exercise\solution\A03.aspx_013.html = Exercise\solution\A03.aspx_013.html
		Exercise\solution\A04.aspx.html = Exercise\solution\A04.aspx.html
		Exercise\solution\A04.aspx_001.html = Exercise\solution\A04.aspx_001.html
		Exercise\solution\A04.aspx_002.html = Exercise\solution\A04.aspx_002.html
		Exercise\solution\A04.aspx_003.html = Exercise\solution\A04.aspx_003.html
		Exercise\solution\A04.aspx_004.html = Exercise\solution\A04.aspx_004.html
		Exercise\solution\A04.aspx_005.html = Exercise\solution\A04.aspx_005.html
		Exercise\solution\A04.aspx_006.html = Exercise\solution\A04.aspx_006.html
		Exercise\solution\A04.aspx_007.html = Exercise\solution\A04.aspx_007.html
		Exercise\solution\A04.aspx_008.html = Exercise\solution\A04.aspx_008.html
		Exercise\solution\A04.aspx_009.html = Exercise\solution\A04.aspx_009.html
		Exercise\solution\A04.aspx_010.html = Exercise\solution\A04.aspx_010.html
		Exercise\solution\A04.aspx_011.html = Exercise\solution\A04.aspx_011.html
		Exercise\solution\A04.aspx_012.html = Exercise\solution\A04.aspx_012.html
		Exercise\solution\A05.aspx.html = Exercise\solution\A05.aspx.html
		Exercise\solution\A05.aspx_001.html = Exercise\solution\A05.aspx_001.html
		Exercise\solution\A05.aspx_002.html = Exercise\solution\A05.aspx_002.html
		Exercise\solution\A05.aspx_003.html = Exercise\solution\A05.aspx_003.html
		Exercise\solution\A05.aspx_004.html = Exercise\solution\A05.aspx_004.html
		Exercise\solution\A05.aspx_005.html = Exercise\solution\A05.aspx_005.html
		Exercise\solution\A05.aspx_006.html = Exercise\solution\A05.aspx_006.html
		Exercise\solution\A05.aspx_007.html = Exercise\solution\A05.aspx_007.html
		Exercise\solution\A05.aspx_008.html = Exercise\solution\A05.aspx_008.html
		Exercise\solution\A05.aspx_009.html = Exercise\solution\A05.aspx_009.html
		Exercise\solution\A06.aspx.html = Exercise\solution\A06.aspx.html
		Exercise\solution\A06.aspx_001.html = Exercise\solution\A06.aspx_001.html
		Exercise\solution\A06.aspx_002.html = Exercise\solution\A06.aspx_002.html
		Exercise\solution\A06.aspx_003.html = Exercise\solution\A06.aspx_003.html
		Exercise\solution\A06.aspx_004.html = Exercise\solution\A06.aspx_004.html
		Exercise\solution\A06.aspx_005.html = Exercise\solution\A06.aspx_005.html
		Exercise\solution\A06.aspx_006.html = Exercise\solution\A06.aspx_006.html
		Exercise\solution\A07.aspx.html = Exercise\solution\A07.aspx.html
		Exercise\solution\A07.aspx_001.html = Exercise\solution\A07.aspx_001.html
		Exercise\solution\A07.aspx_002.html = Exercise\solution\A07.aspx_002.html
		Exercise\solution\A07.aspx_003.html = Exercise\solution\A07.aspx_003.html
		Exercise\solution\A07.aspx_004.html = Exercise\solution\A07.aspx_004.html
		Exercise\solution\A08.aspx.html = Exercise\solution\A08.aspx.html
		Exercise\solution\A08.aspx_001.html = Exercise\solution\A08.aspx_001.html
		Exercise\solution\A08.aspx_002.html = Exercise\solution\A08.aspx_002.html
		Exercise\solution\A08.aspx_003.html = Exercise\solution\A08.aspx_003.html
		Exercise\solution\A09.aspx.html = Exercise\solution\A09.aspx.html
		Exercise\solution\A09.aspx_001.html = Exercise\solution\A09.aspx_001.html
		Exercise\solution\A09.aspx_002.html = Exercise\solution\A09.aspx_002.html
		Exercise\solution\A09.aspx_003.html = Exercise\solution\A09.aspx_003.html
		Exercise\solution\A10.aspx.html = Exercise\solution\A10.aspx.html
		Exercise\solution\A10.aspx_001.html = Exercise\solution\A10.aspx_001.html
		Exercise\solution\A10.aspx_002.html = Exercise\solution\A10.aspx_002.html
		Exercise\solution\A11.aspx.html = Exercise\solution\A11.aspx.html
		Exercise\solution\A11.aspx_001.html = Exercise\solution\A11.aspx_001.html
		Exercise\solution\A12.aspx.html = Exercise\solution\A12.aspx.html
		Exercise\solution\A13.aspx.html = Exercise\solution\A13.aspx.html
		Exercise\solution\A14.aspx.html = Exercise\solution\A14.aspx.html
		Exercise\solution\A15.aspx.html = Exercise\solution\A15.aspx.html
		..\..\..\csharp4.pdf = ..\..\..\csharp4.pdf
	EndProjectSection
EndProject
Project("{FAE04EC0-301F-11D3-BF4B-00C04F79EFBC}") = "Vehicle", "Vehicle\Vehicle.csproj", "{8C96A650-05A6-4072-BC48-8DDE3A9A93F7}"
EndProject
Project("{FAE04EC0-301F-11D3-BF4B-00C04F79EFBC}") = "Enum", "Enum\Enum.csproj", "{59560776-7529-48EB-B233-D54C7A2089DC}"
EndProject
Project("{FAE04EC0-301F-11D3-BF4B-00C04F79EFBC}") = "JaggedArray", "JaggedArray\JaggedArray.csproj", "{2364DFBB-8161-4E5B-8BF8-976CEA34D4EC}"
EndProject
Project("{FAE04EC0-301F-11D3-BF4B-00C04F79EFBC}") = "RectangularArray", "RectangularArray\RectangularArray.csproj", "{9616CE31-B81D-44F3-9171-194DF761B6EC}"
EndProject
Project("{FAE04EC0-301F-11D3-BF4B-00C04F79EFBC}") = "IntToString", "IntToString\IntToString.csproj", "{17FDF84D-532E-44F5-92D6-5BCAA886396D}"
EndProject
Project("{FAE04EC0-301F-11D3-BF4B-00C04F79EFBC}") = "Queue_Class", "Queue\Queue_Class.csproj", "{7E27B279-3FD8-408D-AAE9-7D65CCF53A80}"
EndProject
Project("{FAE04EC0-301F-11D3-BF4B-00C04F79EFBC}") = "Queue_Struct", "Queue_Struct\Queue_Struct.csproj", "{F1F1BA99-4FEB-47A4-B7F4-EB8BEECB60F5}"
EndProject
Project("{FAE04EC0-301F-11D3-BF4B-00C04F79EFBC}") = "TypeInfoAtRuntime", "TypeInfoAtRuntime\TypeInfoAtRuntime.csproj", "{13B34A5C-D35E-4016-8B00-2F54F581BD68}"
EndProject
Project("{FAE04EC0-301F-11D3-BF4B-00C04F79EFBC}") = "Namespaces", "Namespaces\Namespaces.csproj", "{EF279718-E916-4CA3-A07D-77D31B7D3C4B}"
EndProject
Project("{FAE04EC0-301F-11D3-BF4B-00C04F79EFBC}") = "Loops", "ConsoleApplication1\Loops.csproj", "{B5A22834-7117-4445-A546-E98B586F4C88}"
EndProject
Project("{FAE04EC0-301F-11D3-BF4B-00C04F79EFBC}") = "Methods", "Methods\Methods.csproj", "{87DB1487-482E-481E-85B9-659095D5EB48}"
EndProject
Project("{FAE04EC0-301F-11D3-BF4B-00C04F79EFBC}") = "Fields", "Fields\Fields.csproj", "{23D0C01E-C593-4DFE-9FC1-714EBE3DAAE3}"
EndProject
Project("{FAE04EC0-301F-11D3-BF4B-00C04F79EFBC}") = "MethodParameter", "MethodArgument\MethodParameter.csproj", "{81361655-DEC1-418F-864F-347E6F4A3A54}"
EndProject
Global
	GlobalSection(SolutionConfigurationPlatforms) = preSolution
		Debug|Any CPU = Debug|Any CPU
		Debug|ARM = Debug|ARM
		Debug|x64 = Debug|x64
		Debug|x86 = Debug|x86
		Release|Any CPU = Release|Any CPU
		Release|ARM = Release|ARM
		Release|x64 = Release|x64
		Release|x86 = Release|x86
	EndGlobalSection
	GlobalSection(ProjectConfigurationPlatforms) = postSolution
		{564550E3-8E0D-44F9-B5FE-B7E3C0FAB49E}.Debug|Any CPU.ActiveCfg = Debug|Any CPU
		{564550E3-8E0D-44F9-B5FE-B7E3C0FAB49E}.Debug|Any CPU.Build.0 = Debug|Any CPU
		{564550E3-8E0D-44F9-B5FE-B7E3C0FAB49E}.Debug|ARM.ActiveCfg = Debug|Any CPU
		{564550E3-8E0D-44F9-B5FE-B7E3C0FAB49E}.Debug|ARM.Build.0 = Debug|Any CPU
		{564550E3-8E0D-44F9-B5FE-B7E3C0FAB49E}.Debug|x64.ActiveCfg = Debug|Any CPU
		{564550E3-8E0D-44F9-B5FE-B7E3C0FAB49E}.Debug|x64.Build.0 = Debug|Any CPU
		{564550E3-8E0D-44F9-B5FE-B7E3C0FAB49E}.Debug|x86.ActiveCfg = Debug|Any CPU
		{564550E3-8E0D-44F9-B5FE-B7E3C0FAB49E}.Debug|x86.Build.0 = Debug|Any CPU
		{564550E3-8E0D-44F9-B5FE-B7E3C0FAB49E}.Release|Any CPU.ActiveCfg = Release|Any CPU
		{564550E3-8E0D-44F9-B5FE-B7E3C0FAB49E}.Release|Any CPU.Build.0 = Release|Any CPU
		{564550E3-8E0D-44F9-B5FE-B7E3C0FAB49E}.Release|ARM.ActiveCfg = Release|Any CPU
		{564550E3-8E0D-44F9-B5FE-B7E3C0FAB49E}.Release|ARM.Build.0 = Release|Any CPU
		{564550E3-8E0D-44F9-B5FE-B7E3C0FAB49E}.Release|x64.ActiveCfg = Release|Any CPU
		{564550E3-8E0D-44F9-B5FE-B7E3C0FAB49E}.Release|x64.Build.0 = Release|Any CPU
		{564550E3-8E0D-44F9-B5FE-B7E3C0FAB49E}.Release|x86.ActiveCfg = Release|Any CPU
		{564550E3-8E0D-44F9-B5FE-B7E3C0FAB49E}.Release|x86.Build.0 = Release|Any CPU
		{8C96A650-05A6-4072-BC48-8DDE3A9A93F7}.Debug|Any CPU.ActiveCfg = Debug|Any CPU
		{8C96A650-05A6-4072-BC48-8DDE3A9A93F7}.Debug|Any CPU.Build.0 = Debug|Any CPU
		{8C96A650-05A6-4072-BC48-8DDE3A9A93F7}.Debug|ARM.ActiveCfg = Debug|Any CPU
		{8C96A650-05A6-4072-BC48-8DDE3A9A93F7}.Debug|ARM.Build.0 = Debug|Any CPU
		{8C96A650-05A6-4072-BC48-8DDE3A9A93F7}.Debug|x64.ActiveCfg = Debug|Any CPU
		{8C96A650-05A6-4072-BC48-8DDE3A9A93F7}.Debug|x64.Build.0 = Debug|Any CPU
		{8C96A650-05A6-4072-BC48-8DDE3A9A93F7}.Debug|x86.ActiveCfg = Debug|Any CPU
		{8C96A650-05A6-4072-BC48-8DDE3A9A93F7}.Debug|x86.Build.0 = Debug|Any CPU
		{8C96A650-05A6-4072-BC48-8DDE3A9A93F7}.Release|Any CPU.ActiveCfg = Release|Any CPU
		{8C96A650-05A6-4072-BC48-8DDE3A9A93F7}.Release|Any CPU.Build.0 = Release|Any CPU
		{8C96A650-05A6-4072-BC48-8DDE3A9A93F7}.Release|ARM.ActiveCfg = Release|Any CPU
		{8C96A650-05A6-4072-BC48-8DDE3A9A93F7}.Release|ARM.Build.0 = Release|Any CPU
		{8C96A650-05A6-4072-BC48-8DDE3A9A93F7}.Release|x64.ActiveCfg = Release|Any CPU
		{8C96A650-05A6-4072-BC48-8DDE3A9A93F7}.Release|x64.Build.0 = Release|Any CPU
		{8C96A650-05A6-4072-BC48-8DDE3A9A93F7}.Release|x86.ActiveCfg = Release|Any CPU
		{8C96A650-05A6-4072-BC48-8DDE3A9A93F7}.Release|x86.Build.0 = Release|Any CPU
		{59560776-7529-48EB-B233-D54C7A2089DC}.Debug|Any CPU.ActiveCfg = Debug|Any CPU
		{59560776-7529-48EB-B233-D54C7A2089DC}.Debug|Any CPU.Build.0 = Debug|Any CPU
		{59560776-7529-48EB-B233-D54C7A2089DC}.Debug|ARM.ActiveCfg = Debug|Any CPU
		{59560776-7529-48EB-B233-D54C7A2089DC}.Debug|ARM.Build.0 = Debug|Any CPU
		{59560776-7529-48EB-B233-D54C7A2089DC}.Debug|x64.ActiveCfg = Debug|Any CPU
		{59560776-7529-48EB-B233-D54C7A2089DC}.Debug|x64.Build.0 = Debug|Any CPU
		{59560776-7529-48EB-B233-D54C7A2089DC}.Debug|x86.ActiveCfg = Debug|Any CPU
		{59560776-7529-48EB-B233-D54C7A2089DC}.Debug|x86.Build.0 = Debug|Any CPU
		{59560776-7529-48EB-B233-D54C7A2089DC}.Release|Any CPU.ActiveCfg = Release|Any CPU
		{59560776-7529-48EB-B233-D54C7A2089DC}.Release|Any CPU.Build.0 = Release|Any CPU
		{59560776-7529-48EB-B233-D54C7A2089DC}.Release|ARM.ActiveCfg = Release|Any CPU
		{59560776-7529-48EB-B233-D54C7A2089DC}.Release|ARM.Build.0 = Release|Any CPU
		{59560776-7529-48EB-B233-D54C7A2089DC}.Release|x64.ActiveCfg = Release|Any CPU
		{59560776-7529-48EB-B233-D54C7A2089DC}.Release|x64.Build.0 = Release|Any CPU
		{59560776-7529-48EB-B233-D54C7A2089DC}.Release|x86.ActiveCfg = Release|Any CPU
		{59560776-7529-48EB-B233-D54C7A2089DC}.Release|x86.Build.0 = Release|Any CPU
		{2364DFBB-8161-4E5B-8BF8-976CEA34D4EC}.Debug|Any CPU.ActiveCfg = Debug|Any CPU
		{2364DFBB-8161-4E5B-8BF8-976CEA34D4EC}.Debug|Any CPU.Build.0 = Debug|Any CPU
		{2364DFBB-8161-4E5B-8BF8-976CEA34D4EC}.Debug|ARM.ActiveCfg = Debug|Any CPU
		{2364DFBB-8161-4E5B-8BF8-976CEA34D4EC}.Debug|ARM.Build.0 = Debug|Any CPU
		{2364DFBB-8161-4E5B-8BF8-976CEA34D4EC}.Debug|x64.ActiveCfg = Debug|Any CPU
		{2364DFBB-8161-4E5B-8BF8-976CEA34D4EC}.Debug|x64.Build.0 = Debug|Any CPU
		{2364DFBB-8161-4E5B-8BF8-976CEA34D4EC}.Debug|x86.ActiveCfg = Debug|Any CPU
		{2364DFBB-8161-4E5B-8BF8-976CEA34D4EC}.Debug|x86.Build.0 = Debug|Any CPU
		{2364DFBB-8161-4E5B-8BF8-976CEA34D4EC}.Release|Any CPU.ActiveCfg = Release|Any CPU
		{2364DFBB-8161-4E5B-8BF8-976CEA34D4EC}.Release|Any CPU.Build.0 = Release|Any CPU
		{2364DFBB-8161-4E5B-8BF8-976CEA34D4EC}.Release|ARM.ActiveCfg = Release|Any CPU
		{2364DFBB-8161-4E5B-8BF8-976CEA34D4EC}.Release|ARM.Build.0 = Release|Any CPU
		{2364DFBB-8161-4E5B-8BF8-976CEA34D4EC}.Release|x64.ActiveCfg = Release|Any CPU
		{2364DFBB-8161-4E5B-8BF8-976CEA34D4EC}.Release|x64.Build.0 = Release|Any CPU
		{2364DFBB-8161-4E5B-8BF8-976CEA34D4EC}.Release|x86.ActiveCfg = Release|Any CPU
		{2364DFBB-8161-4E5B-8BF8-976CEA34D4EC}.Release|x86.Build.0 = Release|Any CPU
		{9616CE31-B81D-44F3-9171-194DF761B6EC}.Debug|Any CPU.ActiveCfg = Debug|Any CPU
		{9616CE31-B81D-44F3-9171-194DF761B6EC}.Debug|Any CPU.Build.0 = Debug|Any CPU
		{9616CE31-B81D-44F3-9171-194DF761B6EC}.Debug|ARM.ActiveCfg = Debug|Any CPU
		{9616CE31-B81D-44F3-9171-194DF761B6EC}.Debug|ARM.Build.0 = Debug|Any CPU
		{9616CE31-B81D-44F3-9171-194DF761B6EC}.Debug|x64.ActiveCfg = Debug|Any CPU
		{9616CE31-B81D-44F3-9171-194DF761B6EC}.Debug|x64.Build.0 = Debug|Any CPU
		{9616CE31-B81D-44F3-9171-194DF761B6EC}.Debug|x86.ActiveCfg = Debug|Any CPU
		{9616CE31-B81D-44F3-9171-194DF761B6EC}.Debug|x86.Build.0 = Debug|Any CPU
		{9616CE31-B81D-44F3-9171-194DF761B6EC}.Release|Any CPU.ActiveCfg = Release|Any CPU
		{9616CE31-B81D-44F3-9171-194DF761B6EC}.Release|Any CPU.Build.0 = Release|Any CPU
		{9616CE31-B81D-44F3-9171-194DF761B6EC}.Release|ARM.ActiveCfg = Release|Any CPU
		{9616CE31-B81D-44F3-9171-194DF761B6EC}.Release|ARM.Build.0 = Release|Any CPU
		{9616CE31-B81D-44F3-9171-194DF761B6EC}.Release|x64.ActiveCfg = Release|Any CPU
		{9616CE31-B81D-44F3-9171-194DF761B6EC}.Release|x64.Build.0 = Release|Any CPU
		{9616CE31-B81D-44F3-9171-194DF761B6EC}.Release|x86.ActiveCfg = Release|Any CPU
		{9616CE31-B81D-44F3-9171-194DF761B6EC}.Release|x86.Build.0 = Release|Any CPU
		{17FDF84D-532E-44F5-92D6-5BCAA886396D}.Debug|Any CPU.ActiveCfg = Debug|Any CPU
		{17FDF84D-532E-44F5-92D6-5BCAA886396D}.Debug|Any CPU.Build.0 = Debug|Any CPU
		{17FDF84D-532E-44F5-92D6-5BCAA886396D}.Debug|ARM.ActiveCfg = Debug|Any CPU
		{17FDF84D-532E-44F5-92D6-5BCAA886396D}.Debug|ARM.Build.0 = Debug|Any CPU
		{17FDF84D-532E-44F5-92D6-5BCAA886396D}.Debug|x64.ActiveCfg = Debug|Any CPU
		{17FDF84D-532E-44F5-92D6-5BCAA886396D}.Debug|x64.Build.0 = Debug|Any CPU
		{17FDF84D-532E-44F5-92D6-5BCAA886396D}.Debug|x86.ActiveCfg = Debug|Any CPU
		{17FDF84D-532E-44F5-92D6-5BCAA886396D}.Debug|x86.Build.0 = Debug|Any CPU
		{17FDF84D-532E-44F5-92D6-5BCAA886396D}.Release|Any CPU.ActiveCfg = Release|Any CPU
		{17FDF84D-532E-44F5-92D6-5BCAA886396D}.Release|Any CPU.Build.0 = Release|Any CPU
		{17FDF84D-532E-44F5-92D6-5BCAA886396D}.Release|ARM.ActiveCfg = Release|Any CPU
		{17FDF84D-532E-44F5-92D6-5BCAA886396D}.Release|ARM.Build.0 = Release|Any CPU
		{17FDF84D-532E-44F5-92D6-5BCAA886396D}.Release|x64.ActiveCfg = Release|Any CPU
		{17FDF84D-532E-44F5-92D6-5BCAA886396D}.Release|x64.Build.0 = Release|Any CPU
		{17FDF84D-532E-44F5-92D6-5BCAA886396D}.Release|x86.ActiveCfg = Release|Any CPU
		{17FDF84D-532E-44F5-92D6-5BCAA886396D}.Release|x86.Build.0 = Release|Any CPU
		{7E27B279-3FD8-408D-AAE9-7D65CCF53A80}.Debug|Any CPU.ActiveCfg = Debug|Any CPU
		{7E27B279-3FD8-408D-AAE9-7D65CCF53A80}.Debug|Any CPU.Build.0 = Debug|Any CPU
		{7E27B279-3FD8-408D-AAE9-7D65CCF53A80}.Debug|ARM.ActiveCfg = Debug|Any CPU
		{7E27B279-3FD8-408D-AAE9-7D65CCF53A80}.Debug|ARM.Build.0 = Debug|Any CPU
		{7E27B279-3FD8-408D-AAE9-7D65CCF53A80}.Debug|x64.ActiveCfg = Debug|Any CPU
		{7E27B279-3FD8-408D-AAE9-7D65CCF53A80}.Debug|x64.Build.0 = Debug|Any CPU
		{7E27B279-3FD8-408D-AAE9-7D65CCF53A80}.Debug|x86.ActiveCfg = Debug|Any CPU
		{7E27B279-3FD8-408D-AAE9-7D65CCF53A80}.Debug|x86.Build.0 = Debug|Any CPU
		{7E27B279-3FD8-408D-AAE9-7D65CCF53A80}.Release|Any CPU.ActiveCfg = Release|Any CPU
		{7E27B279-3FD8-408D-AAE9-7D65CCF53A80}.Release|Any CPU.Build.0 = Release|Any CPU
		{7E27B279-3FD8-408D-AAE9-7D65CCF53A80}.Release|ARM.ActiveCfg = Release|Any CPU
		{7E27B279-3FD8-408D-AAE9-7D65CCF53A80}.Release|ARM.Build.0 = Release|Any CPU
		{7E27B279-3FD8-408D-AAE9-7D65CCF53A80}.Release|x64.ActiveCfg = Release|Any CPU
		{7E27B279-3FD8-408D-AAE9-7D65CCF53A80}.Release|x64.Build.0 = Release|Any CPU
		{7E27B279-3FD8-408D-AAE9-7D65CCF53A80}.Release|x86.ActiveCfg = Release|Any CPU
		{7E27B279-3FD8-408D-AAE9-7D65CCF53A80}.Release|x86.Build.0 = Release|Any CPU
		{F1F1BA99-4FEB-47A4-B7F4-EB8BEECB60F5}.Debug|Any CPU.ActiveCfg = Debug|Any CPU
		{F1F1BA99-4FEB-47A4-B7F4-EB8BEECB60F5}.Debug|Any CPU.Build.0 = Debug|Any CPU
		{F1F1BA99-4FEB-47A4-B7F4-EB8BEECB60F5}.Debug|ARM.ActiveCfg = Debug|Any CPU
		{F1F1BA99-4FEB-47A4-B7F4-EB8BEECB60F5}.Debug|ARM.Build.0 = Debug|Any CPU
		{F1F1BA99-4FEB-47A4-B7F4-EB8BEECB60F5}.Debug|x64.ActiveCfg = Debug|Any CPU
		{F1F1BA99-4FEB-47A4-B7F4-EB8BEECB60F5}.Debug|x64.Build.0 = Debug|Any CPU
		{F1F1BA99-4FEB-47A4-B7F4-EB8BEECB60F5}.Debug|x86.ActiveCfg = Debug|Any CPU
		{F1F1BA99-4FEB-47A4-B7F4-EB8BEECB60F5}.Debug|x86.Build.0 = Debug|Any CPU
		{F1F1BA99-4FEB-47A4-B7F4-EB8BEECB60F5}.Release|Any CPU.ActiveCfg = Release|Any CPU
		{F1F1BA99-4FEB-47A4-B7F4-EB8BEECB60F5}.Release|Any CPU.Build.0 = Release|Any CPU
		{F1F1BA99-4FEB-47A4-B7F4-EB8BEECB60F5}.Release|ARM.ActiveCfg = Release|Any CPU
		{F1F1BA99-4FEB-47A4-B7F4-EB8BEECB60F5}.Release|ARM.Build.0 = Release|Any CPU
		{F1F1BA99-4FEB-47A4-B7F4-EB8BEECB60F5}.Release|x64.ActiveCfg = Release|Any CPU
		{F1F1BA99-4FEB-47A4-B7F4-EB8BEECB60F5}.Release|x64.Build.0 = Release|Any CPU
		{F1F1BA99-4FEB-47A4-B7F4-EB8BEECB60F5}.Release|x86.ActiveCfg = Release|Any CPU
		{F1F1BA99-4FEB-47A4-B7F4-EB8BEECB60F5}.Release|x86.Build.0 = Release|Any CPU
		{13B34A5C-D35E-4016-8B00-2F54F581BD68}.Debug|Any CPU.ActiveCfg = Debug|Any CPU
		{13B34A5C-D35E-4016-8B00-2F54F581BD68}.Debug|Any CPU.Build.0 = Debug|Any CPU
		{13B34A5C-D35E-4016-8B00-2F54F581BD68}.Debug|ARM.ActiveCfg = Debug|Any CPU
		{13B34A5C-D35E-4016-8B00-2F54F581BD68}.Debug|ARM.Build.0 = Debug|Any CPU
		{13B34A5C-D35E-4016-8B00-2F54F581BD68}.Debug|x64.ActiveCfg = Debug|Any CPU
		{13B34A5C-D35E-4016-8B00-2F54F581BD68}.Debug|x64.Build.0 = Debug|Any CPU
		{13B34A5C-D35E-4016-8B00-2F54F581BD68}.Debug|x86.ActiveCfg = Debug|Any CPU
		{13B34A5C-D35E-4016-8B00-2F54F581BD68}.Debug|x86.Build.0 = Debug|Any CPU
		{13B34A5C-D35E-4016-8B00-2F54F581BD68}.Release|Any CPU.ActiveCfg = Release|Any CPU
		{13B34A5C-D35E-4016-8B00-2F54F581BD68}.Release|Any CPU.Build.0 = Release|Any CPU
		{13B34A5C-D35E-4016-8B00-2F54F581BD68}.Release|ARM.ActiveCfg = Release|Any CPU
		{13B34A5C-D35E-4016-8B00-2F54F581BD68}.Release|ARM.Build.0 = Release|Any CPU
		{13B34A5C-D35E-4016-8B00-2F54F581BD68}.Release|x64.ActiveCfg = Release|Any CPU
		{13B34A5C-D35E-4016-8B00-2F54F581BD68}.Release|x64.Build.0 = Release|Any CPU
		{13B34A5C-D35E-4016-8B00-2F54F581BD68}.Release|x86.ActiveCfg = Release|Any CPU
		{13B34A5C-D35E-4016-8B00-2F54F581BD68}.Release|x86.Build.0 = Release|Any CPU
		{EF279718-E916-4CA3-A07D-77D31B7D3C4B}.Debug|Any CPU.ActiveCfg = Debug|Any CPU
		{EF279718-E916-4CA3-A07D-77D31B7D3C4B}.Debug|Any CPU.Build.0 = Debug|Any CPU
		{EF279718-E916-4CA3-A07D-77D31B7D3C4B}.Debug|ARM.ActiveCfg = Debug|Any CPU
		{EF279718-E916-4CA3-A07D-77D31B7D3C4B}.Debug|ARM.Build.0 = Debug|Any CPU
		{EF279718-E916-4CA3-A07D-77D31B7D3C4B}.Debug|x64.ActiveCfg = Debug|Any CPU
		{EF279718-E916-4CA3-A07D-77D31B7D3C4B}.Debug|x64.Build.0 = Debug|Any CPU
		{EF279718-E916-4CA3-A07D-77D31B7D3C4B}.Debug|x86.ActiveCfg = Debug|Any CPU
		{EF279718-E916-4CA3-A07D-77D31B7D3C4B}.Debug|x86.Build.0 = Debug|Any CPU
		{EF279718-E916-4CA3-A07D-77D31B7D3C4B}.Release|Any CPU.ActiveCfg = Release|Any CPU
		{EF279718-E916-4CA3-A07D-77D31B7D3C4B}.Release|Any CPU.Build.0 = Release|Any CPU
		{EF279718-E916-4CA3-A07D-77D31B7D3C4B}.Release|ARM.ActiveCfg = Release|Any CPU
		{EF279718-E916-4CA3-A07D-77D31B7D3C4B}.Release|ARM.Build.0 = Release|Any CPU
		{EF279718-E916-4CA3-A07D-77D31B7D3C4B}.Release|x64.ActiveCfg = Release|Any CPU
		{EF279718-E916-4CA3-A07D-77D31B7D3C4B}.Release|x64.Build.0 = Release|Any CPU
		{EF279718-E916-4CA3-A07D-77D31B7D3C4B}.Release|x86.ActiveCfg = Release|Any CPU
		{EF279718-E916-4CA3-A07D-77D31B7D3C4B}.Release|x86.Build.0 = Release|Any CPU
		{B5A22834-7117-4445-A546-E98B586F4C88}.Debug|Any CPU.ActiveCfg = Debug|Any CPU
		{B5A22834-7117-4445-A546-E98B586F4C88}.Debug|Any CPU.Build.0 = Debug|Any CPU
		{B5A22834-7117-4445-A546-E98B586F4C88}.Debug|ARM.ActiveCfg = Debug|Any CPU
		{B5A22834-7117-4445-A546-E98B586F4C88}.Debug|ARM.Build.0 = Debug|Any CPU
		{B5A22834-7117-4445-A546-E98B586F4C88}.Debug|x64.ActiveCfg = Debug|Any CPU
		{B5A22834-7117-4445-A546-E98B586F4C88}.Debug|x64.Build.0 = Debug|Any CPU
		{B5A22834-7117-4445-A546-E98B586F4C88}.Debug|x86.ActiveCfg = Debug|Any CPU
		{B5A22834-7117-4445-A546-E98B586F4C88}.Debug|x86.Build.0 = Debug|Any CPU
		{B5A22834-7117-4445-A546-E98B586F4C88}.Release|Any CPU.ActiveCfg = Release|Any CPU
		{B5A22834-7117-4445-A546-E98B586F4C88}.Release|Any CPU.Build.0 = Release|Any CPU
		{B5A22834-7117-4445-A546-E98B586F4C88}.Release|ARM.ActiveCfg = Release|Any CPU
		{B5A22834-7117-4445-A546-E98B586F4C88}.Release|ARM.Build.0 = Release|Any CPU
		{B5A22834-7117-4445-A546-E98B586F4C88}.Release|x64.ActiveCfg = Release|Any CPU
		{B5A22834-7117-4445-A546-E98B586F4C88}.Release|x64.Build.0 = Release|Any CPU
		{B5A22834-7117-4445-A546-E98B586F4C88}.Release|x86.ActiveCfg = Release|Any CPU
		{B5A22834-7117-4445-A546-E98B586F4C88}.Release|x86.Build.0 = Release|Any CPU
		{87DB1487-482E-481E-85B9-659095D5EB48}.Debug|Any CPU.ActiveCfg = Debug|Any CPU
		{87DB1487-482E-481E-85B9-659095D5EB48}.Debug|Any CPU.Build.0 = Debug|Any CPU
		{87DB1487-482E-481E-85B9-659095D5EB48}.Debug|ARM.ActiveCfg = Debug|Any CPU
		{87DB1487-482E-481E-85B9-659095D5EB48}.Debug|ARM.Build.0 = Debug|Any CPU
		{87DB1487-482E-481E-85B9-659095D5EB48}.Debug|x64.ActiveCfg = Debug|Any CPU
		{87DB1487-482E-481E-85B9-659095D5EB48}.Debug|x64.Build.0 = Debug|Any CPU
		{87DB1487-482E-481E-85B9-659095D5EB48}.Debug|x86.ActiveCfg = Debug|Any CPU
		{87DB1487-482E-481E-85B9-659095D5EB48}.Debug|x86.Build.0 = Debug|Any CPU
		{87DB1487-482E-481E-85B9-659095D5EB48}.Release|Any CPU.ActiveCfg = Release|Any CPU
		{87DB1487-482E-481E-85B9-659095D5EB48}.Release|Any CPU.Build.0 = Release|Any CPU
		{87DB1487-482E-481E-85B9-659095D5EB48}.Release|ARM.ActiveCfg = Release|Any CPU
		{87DB1487-482E-481E-85B9-659095D5EB48}.Release|ARM.Build.0 = Release|Any CPU
		{87DB1487-482E-481E-85B9-659095D5EB48}.Release|x64.ActiveCfg = Release|Any CPU
		{87DB1487-482E-481E-85B9-659095D5EB48}.Release|x64.Build.0 = Release|Any CPU
		{87DB1487-482E-481E-85B9-659095D5EB48}.Release|x86.ActiveCfg = Release|Any CPU
		{87DB1487-482E-481E-85B9-659095D5EB48}.Release|x86.Build.0 = Release|Any CPU
		{23D0C01E-C593-4DFE-9FC1-714EBE3DAAE3}.Debug|Any CPU.ActiveCfg = Debug|Any CPU
		{23D0C01E-C593-4DFE-9FC1-714EBE3DAAE3}.Debug|Any CPU.Build.0 = Debug|Any CPU
		{23D0C01E-C593-4DFE-9FC1-714EBE3DAAE3}.Debug|ARM.ActiveCfg = Debug|Any CPU
		{23D0C01E-C593-4DFE-9FC1-714EBE3DAAE3}.Debug|ARM.Build.0 = Debug|Any CPU
		{23D0C01E-C593-4DFE-9FC1-714EBE3DAAE3}.Debug|x64.ActiveCfg = Debug|Any CPU
		{23D0C01E-C593-4DFE-9FC1-714EBE3DAAE3}.Debug|x64.Build.0 = Debug|Any CPU
		{23D0C01E-C593-4DFE-9FC1-714EBE3DAAE3}.Debug|x86.ActiveCfg = Debug|Any CPU
		{23D0C01E-C593-4DFE-9FC1-714EBE3DAAE3}.Debug|x86.Build.0 = Debug|Any CPU
		{23D0C01E-C593-4DFE-9FC1-714EBE3DAAE3}.Release|Any CPU.ActiveCfg = Release|Any CPU
		{23D0C01E-C593-4DFE-9FC1-714EBE3DAAE3}.Release|Any CPU.Build.0 = Release|Any CPU
		{23D0C01E-C593-4DFE-9FC1-714EBE3DAAE3}.Release|ARM.ActiveCfg = Release|Any CPU
		{23D0C01E-C593-4DFE-9FC1-714EBE3DAAE3}.Release|ARM.Build.0 = Release|Any CPU
		{23D0C01E-C593-4DFE-9FC1-714EBE3DAAE3}.Release|x64.ActiveCfg = Release|Any CPU
		{23D0C01E-C593-4DFE-9FC1-714EBE3DAAE3}.Release|x64.Build.0 = Release|Any CPU
		{23D0C01E-C593-4DFE-9FC1-714EBE3DAAE3}.Release|x86.ActiveCfg = Release|Any CPU
		{23D0C01E-C593-4DFE-9FC1-714EBE3DAAE3}.Release|x86.Build.0 = Release|Any CPU
		{81361655-DEC1-418F-864F-347E6F4A3A54}.Debug|Any CPU.ActiveCfg = Debug|Any CPU
		{81361655-DEC1-418F-864F-347E6F4A3A54}.Debug|Any CPU.Build.0 = Debug|Any CPU
		{81361655-DEC1-418F-864F-347E6F4A3A54}.Debug|ARM.ActiveCfg = Debug|Any CPU
		{81361655-DEC1-418F-864F-347E6F4A3A54}.Debug|ARM.Build.0 = Debug|Any CPU
		{81361655-DEC1-418F-864F-347E6F4A3A54}.Debug|x64.ActiveCfg = Debug|Any CPU
		{81361655-DEC1-418F-864F-347E6F4A3A54}.Debug|x64.Build.0 = Debug|Any CPU
		{81361655-DEC1-418F-864F-347E6F4A3A54}.Debug|x86.ActiveCfg = Debug|Any CPU
		{81361655-DEC1-418F-864F-347E6F4A3A54}.Debug|x86.Build.0 = Debug|Any CPU
		{81361655-DEC1-418F-864F-347E6F4A3A54}.Release|Any CPU.ActiveCfg = Release|Any CPU
		{81361655-DEC1-418F-864F-347E6F4A3A54}.Release|Any CPU.Build.0 = Release|Any CPU
		{81361655-DEC1-418F-864F-347E6F4A3A54}.Release|ARM.ActiveCfg = Release|Any CPU
		{81361655-DEC1-418F-864F-347E6F4A3A54}.Release|ARM.Build.0 = Release|Any CPU
		{81361655-DEC1-418F-864F-347E6F4A3A54}.Release|x64.ActiveCfg = Release|Any CPU
		{81361655-DEC1-418F-864F-347E6F4A3A54}.Release|x64.Build.0 = Release|Any CPU
		{81361655-DEC1-418F-864F-347E6F4A3A54}.Release|x86.ActiveCfg = Release|Any CPU
		{81361655-DEC1-418F-864F-347E6F4A3A54}.Release|x86.Build.0 = Release|Any CPU
	EndGlobalSection
	GlobalSection(SolutionProperties) = preSolution
		HideSolutionNode = FALSE
	EndGlobalSection
EndGlobal
